
Microsoft Visual Studio Solution File, Format Version 12.00
# Visual Studio Version 17
VisualStudioVersion = 17.13.35825.156 d17.13
MinimumVisualStudioVersion = 10.0.40219.1
Project("{FAE04EC0-301F-11D3-BF4B-00C04F79EFBC}") = "Layered_Architecture_Project", "Layered_Architecture_Project\Layered_Architecture_Project.csproj", "{8C6AC90C-5BF2-4F0D-8D8A-EE007A818385}"
EndProject
Global
	GlobalSection(SolutionConfigurationPlatforms) = preSolution
		Debug|Any CPU = Debug|Any CPU
		Release|Any CPU = Release|Any CPU
	EndGlobalSection
	GlobalSection(ProjectConfigurationPlatforms) = postSolution
		{8C6AC90C-5BF2-4F0D-8D8A-EE007A818385}.Debug|Any CPU.ActiveCfg = Debug|Any CPU
		{8C6AC90C-5BF2-4F0D-8D8A-EE007A818385}.Debug|Any CPU.Build.0 = Debug|Any CPU
		{8C6AC90C-5BF2-4F0D-8D8A-EE007A818385}.Release|Any CPU.ActiveCfg = Release|Any CPU
		{8C6AC90C-5BF2-4F0D-8D8A-EE007A818385}.Release|Any CPU.Build.0 = Release|Any CPU
	EndGlobalSection
	GlobalSection(SolutionProperties) = preSolution
		HideSolutionNode = FALSE
	EndGlobalSection
	GlobalSection(ExtensibilityGlobals) = postSolution
		SolutionGuid = {28A506A6-4AF8-45BE-92CA-59C5E5F97315}
	EndGlobalSection
EndGlobal
